
Microsoft Visual Studio Solution File, Format Version 12.00
# Visual Studio Version 17
VisualStudioVersion = 17.9.34728.123
MinimumVisualStudioVersion = 10.0.40219.1
Project("{9A19103F-16F7-4668-BE54-9A1E7A4F7556}") = "SMS.Admin", "SMS.Admin.csproj", "{4CE9C05C-7B65-4DBA-A063-D70AE0DED64E}"
EndProject
Global
	GlobalSection(SolutionConfigurationPlatforms) = preSolution
		Debug|Any CPU = Debug|Any CPU
		Release|Any CPU = Release|Any CPU
	EndGlobalSection
	GlobalSection(ProjectConfigurationPlatforms) = postSolution
		{4CE9C05C-7B65-4DBA-A063-D70AE0DED64E}.Debug|Any CPU.ActiveCfg = Debug|Any CPU
		{4CE9C05C-7B65-4DBA-A063-D70AE0DED64E}.Debug|Any CPU.Build.0 = Debug|Any CPU
		{4CE9C05C-7B65-4DBA-A063-D70AE0DED64E}.Release|Any CPU.ActiveCfg = Release|Any CPU
		{4CE9C05C-7B65-4DBA-A063-D70AE0DED64E}.Release|Any CPU.Build.0 = Release|Any CPU
	EndGlobalSection
	GlobalSection(SolutionProperties) = preSolution
		HideSolutionNode = FALSE
	EndGlobalSection
	GlobalSection(ExtensibilityGlobals) = postSolution
		SolutionGuid = {4380B9A1-1A6F-4114-A4A7-BBA587ACC8D8}
	EndGlobalSection
EndGlobal
